{
  "requires": true,
  "lockfileVersion": 1,
  "dependencies": {
    "sweetalert2": {
      "version": "10.8.1",
      "resolved": "https://registry.npmjs.org/sweetalert2/-/sweetalert2-10.8.1.tgz",
      "integrity": "sha512-CRTy1fODxSqX6sGYMP4/9TT1QXlsjElRA4xoJVoCWa8L39l8jBwh/DWOFPb5Re1+EMTqOexDrT38jP0GI/DLZQ=="
    }
  }
}
